PODS:
  - Alamofire (5.4.2)
  - JWTDecode (2.6.0)
  - KeychainAccess (4.2.2)
  - ScanditBarcodeCapture (6.1.2):
    - ScanditCaptureCore (= 6.1.2)
  - ScanditCaptureCore (6.1.2)
  - SVProgressHUD (2.2.5)

DEPENDENCIES:
  - Alamofire (~> 5.2)
  - JWTDecode
  - KeychainAccess
  - ScanditBarcodeCapture
  - SVProgressHUD

SPEC REPOS:
  trunk:
    - Alamofire
    - JWTDecode
    - KeychainAccess
    - ScanditBarcodeCapture
    - ScanditCaptureCore
    - SVProgressHUD

SPEC CHECKSUMS:
  Alamofire: bfbc4c2fe5909b1d94fb4ef2277c6b3727ef5dae
  JWTDecode: 480ca441ddbd5fbfb2abf17870af62f86436be58
  KeychainAccess: c0c4f7f38f6fc7bbe58f5702e25f7bd2f65abf51
  ScanditBarcodeCapture: 559b727fa9b40042769be4b6e2892e44b3d27df3
  ScanditCaptureCore: 552c9929fd13c5296d584348d452fc26ed98ff97
  SVProgressHUD: 1428aafac632c1f86f62aa4243ec12008d7a51d6

PODFILE CHECKSUM: e7fc74fc7a9209374d111f522894de5d0c87223b

COCOAPODS: 1.10.1
